
Microsoft Visual Studio Solution File, Format Version 12.00
# Visual Studio 15
VisualStudioVersion = 15.0.27130.2027
MinimumVisualStudioVersion = 10.0.40219.1
Project("{9A19103F-16F7-4668-BE54-9A1E7A4F7556}") = "Day1", "src\Challenges\Day1\Day1.csproj", "{9037FA81-072F-4DDA-B4FC-1B20FD2CD7F8}"
EndProject
Project("{2150E333-8FDC-42A3-9474-1A3956D46DE8}") = "src", "src", "{25197DD3-1BE6-4299-A3F4-5A4969387C59}"
EndProject
Project("{2150E333-8FDC-42A3-9474-1A3956D46DE8}") = "Challenges", "Challenges", "{CAFC3494-CC7A-4C06-B250-10BB463D034D}"
EndProject
Project("{2150E333-8FDC-42A3-9474-1A3956D46DE8}") = "test", "test", "{7F46524D-70E3-4E65-96CF-B6E9646B7F3C}"
EndProject
Project("{2150E333-8FDC-42A3-9474-1A3956D46DE8}") = "Challenges", "Challenges", "{7735C4B7-049C-479D-945A-EB73C27C9B68}"
EndProject
Project("{9A19103F-16F7-4668-BE54-9A1E7A4F7556}") = "Day2", "src\Challenges\Day2\Day2.csproj", "{2D2C231B-84F1-4483-A98B-87E2F81B76AF}"
EndProject
Project("{9A19103F-16F7-4668-BE54-9A1E7A4F7556}") = "Day3", "src\Challenges\Day3\Day3.csproj", "{D7DA418F-5710-4403-A14B-C8CDA4CC77AD}"
EndProject
Project("{9A19103F-16F7-4668-BE54-9A1E7A4F7556}") = "Day1UnitTest", "test\Challenges\Day1UnitTest\Day1UnitTest.csproj", "{AF507014-B68B-4C11-9F16-C13DD96E6D01}"
EndProject
Project("{9A19103F-16F7-4668-BE54-9A1E7A4F7556}") = "Day2UnitTest", "test\Challenges\Day2UnitTest\Day2UnitTest.csproj", "{B465363F-8B06-4857-AD15-7066B71ED194}"
EndProject
Project("{FAE04EC0-301F-11D3-BF4B-00C04F79EFBC}") = "Day3UnitTest", "test\Challenges\Day3UnitTest\Day3UnitTest.csproj", "{0C3EAF40-A3D1-438A-8475-171CAA092723}"
EndProject
Global
	GlobalSection(SolutionConfigurationPlatforms) = preSolution
		Debug|Any CPU = Debug|Any CPU
		Release|Any CPU = Release|Any CPU
	EndGlobalSection
	GlobalSection(ProjectConfigurationPlatforms) = postSolution
		{9037FA81-072F-4DDA-B4FC-1B20FD2CD7F8}.Debug|Any CPU.ActiveCfg = Debug|Any CPU
		{9037FA81-072F-4DDA-B4FC-1B20FD2CD7F8}.Debug|Any CPU.Build.0 = Debug|Any CPU
		{9037FA81-072F-4DDA-B4FC-1B20FD2CD7F8}.Release|Any CPU.ActiveCfg = Release|Any CPU
		{9037FA81-072F-4DDA-B4FC-1B20FD2CD7F8}.Release|Any CPU.Build.0 = Release|Any CPU
		{2D2C231B-84F1-4483-A98B-87E2F81B76AF}.Debug|Any CPU.ActiveCfg = Debug|Any CPU
		{2D2C231B-84F1-4483-A98B-87E2F81B76AF}.Debug|Any CPU.Build.0 = Debug|Any CPU
		{2D2C231B-84F1-4483-A98B-87E2F81B76AF}.Release|Any CPU.ActiveCfg = Release|Any CPU
		{2D2C231B-84F1-4483-A98B-87E2F81B76AF}.Release|Any CPU.Build.0 = Release|Any CPU
		{D7DA418F-5710-4403-A14B-C8CDA4CC77AD}.Debug|Any CPU.ActiveCfg = Debug|Any CPU
		{D7DA418F-5710-4403-A14B-C8CDA4CC77AD}.Debug|Any CPU.Build.0 = Debug|Any CPU
		{D7DA418F-5710-4403-A14B-C8CDA4CC77AD}.Release|Any CPU.ActiveCfg = Release|Any CPU
		{D7DA418F-5710-4403-A14B-C8CDA4CC77AD}.Release|Any CPU.Build.0 = Release|Any CPU
		{AF507014-B68B-4C11-9F16-C13DD96E6D01}.Debug|Any CPU.ActiveCfg = Debug|Any CPU
		{AF507014-B68B-4C11-9F16-C13DD96E6D01}.Debug|Any CPU.Build.0 = Debug|Any CPU
		{AF507014-B68B-4C11-9F16-C13DD96E6D01}.Release|Any CPU.ActiveCfg = Release|Any CPU
		{AF507014-B68B-4C11-9F16-C13DD96E6D01}.Release|Any CPU.Build.0 = Release|Any CPU
		{B465363F-8B06-4857-AD15-7066B71ED194}.Debug|Any CPU.ActiveCfg = Debug|Any CPU
		{B465363F-8B06-4857-AD15-7066B71ED194}.Debug|Any CPU.Build.0 = Debug|Any CPU
		{B465363F-8B06-4857-AD15-7066B71ED194}.Release|Any CPU.ActiveCfg = Release|Any CPU
		{B465363F-8B06-4857-AD15-7066B71ED194}.Release|Any CPU.Build.0 = Release|Any CPU
		{0C3EAF40-A3D1-438A-8475-171CAA092723}.Debug|Any CPU.ActiveCfg = Debug|Any CPU
		{0C3EAF40-A3D1-438A-8475-171CAA092723}.Debug|Any CPU.Build.0 = Debug|Any CPU
		{0C3EAF40-A3D1-438A-8475-171CAA092723}.Release|Any CPU.ActiveCfg = Release|Any CPU
		{0C3EAF40-A3D1-438A-8475-171CAA092723}.Release|Any CPU.Build.0 = Release|Any CPU
	EndGlobalSection
	GlobalSection(SolutionProperties) = preSolution
		HideSolutionNode = FALSE
	EndGlobalSection
	GlobalSection(NestedProjects) = preSolution
		{9037FA81-072F-4DDA-B4FC-1B20FD2CD7F8} = {CAFC3494-CC7A-4C06-B250-10BB463D034D}
		{CAFC3494-CC7A-4C06-B250-10BB463D034D} = {25197DD3-1BE6-4299-A3F4-5A4969387C59}
		{7735C4B7-049C-479D-945A-EB73C27C9B68} = {7F46524D-70E3-4E65-96CF-B6E9646B7F3C}
		{2D2C231B-84F1-4483-A98B-87E2F81B76AF} = {CAFC3494-CC7A-4C06-B250-10BB463D034D}
		{D7DA418F-5710-4403-A14B-C8CDA4CC77AD} = {CAFC3494-CC7A-4C06-B250-10BB463D034D}
		{AF507014-B68B-4C11-9F16-C13DD96E6D01} = {7735C4B7-049C-479D-945A-EB73C27C9B68}
		{B465363F-8B06-4857-AD15-7066B71ED194} = {7735C4B7-049C-479D-945A-EB73C27C9B68}
		{0C3EAF40-A3D1-438A-8475-171CAA092723} = {7735C4B7-049C-479D-945A-EB73C27C9B68}
	EndGlobalSection
	GlobalSection(ExtensibilityGlobals) = postSolution
		SolutionGuid = {BCE03FCB-4EF7-4337-A42D-08658A900A67}
	EndGlobalSection
EndGlobal
